{
  "name": "@r_dot117/userinputserviceutils",
  "version": "1.1.1",
  "lockfileVersion": 3,
  "requires": true,
  "packages": {
    "": {
      "name": "@r_dot117/userinputserviceutils",
      "version": "1.1.1",
      "license": "MIT",
      "dependencies": {
        "@quenty/loader": "^6.2.1"
      }
    },
    "node_modules/@quenty/loader": {
      "version": "6.2.1",
      "resolved": "https://registry.npmjs.org/@quenty/loader/-/loader-6.2.1.tgz",
      "integrity": "sha512-kNnICHT0r8lgj6G6ufgb3fDRxAdCTWVp3FJKFADvKAHkTL/QdDuv2eG9/7TFLdZgF7Sm0ZeCaf36/sYbi3HfOg==",
      "funding": {
        "type": "patreon",
        "url": "https://www.patreon.com/quenty"
      }
    }
  }
}
