{
  "name": "@r_dot117/requestutils",
  "version": "0.0.1",
  "lockfileVersion": 3,
  "requires": true,
  "packages": {
    "": {
      "name": "@r_dot117/requestutils",
      "version": "0.0.1",
      "license": "MIT",
      "dependencies": {
        "@quenty/loader": "^6.2.1",
        "@quenty/promise": "^6.7.0"
      }
    },
    "node_modules/@quenty/deferred": {
      "version": "2.1.0",
      "resolved": "https://registry.npmjs.org/@quenty/deferred/-/deferred-2.1.0.tgz",
      "integrity": "sha512-8EAdnGtdCyDufQ1cA2Nlw6jtU+MS8PeiR4401tddJfOsZmP7SPq/yZ01r67Z7QEiQ1S/EBAHQE9kICkhwapVwA==",
      "funding": {
        "type": "patreon",
        "url": "https://www.patreon.com/quenty"
      }
    },
    "node_modules/@quenty/loader": {
      "version": "6.2.1",
      "resolved": "https://registry.npmjs.org/@quenty/loader/-/loader-6.2.1.tgz",
      "integrity": "sha512-kNnICHT0r8lgj6G6ufgb3fDRxAdCTWVp3FJKFADvKAHkTL/QdDuv2eG9/7TFLdZgF7Sm0ZeCaf36/sYbi3HfOg==",
      "funding": {
        "type": "patreon",
        "url": "https://www.patreon.com/quenty"
      }
    },
    "node_modules/@quenty/maid": {
      "version": "2.5.0",
      "resolved": "https://registry.npmjs.org/@quenty/maid/-/maid-2.5.0.tgz",
      "integrity": "sha512-lMNa5M1YEUnsPSo4brnyAtv0UZHbdSF2z5FAekBMjQutMaV0hrYGOjTqUZX58hQWhDH5Gg8FxAT75pR+UeYqLw==",
      "funding": {
        "type": "patreon",
        "url": "https://www.patreon.com/quenty"
      }
    },
    "node_modules/@quenty/promise": {
      "version": "6.7.0",
      "resolved": "https://registry.npmjs.org/@quenty/promise/-/promise-6.7.0.tgz",
      "integrity": "sha512-ZNiLtN25aMgiceZOtS4ySh2PW1ENMUUSPub6K15rDPzskFHITUdhNMKTZBrvyBa4749TKDG2AjE9L75uiQcKDg==",
      "dependencies": {
        "@quenty/deferred": "^2.1.0",
        "@quenty/loader": "^6.2.1",
        "@quenty/maid": "^2.5.0"
      },
      "funding": {
        "type": "patreon",
        "url": "https://www.patreon.com/quenty"
      }
    }
  }
}
